
Microsoft Visual Studio Solution File, Format Version 12.00
# Visual Studio 14
VisualStudioVersion = 14.0.24720.0
MinimumVisualStudioVersion = 10.0.40219.1
Project("{FAE04EC0-301F-11D3-BF4B-00C04F79EFBC}") = "BotCore", "BotCore\BotCore.csproj", "{9FFBEE1F-BD08-4CB4-BE40-264A479F6D33}"
EndProject
Project("{FAE04EC0-301F-11D3-BF4B-00C04F79EFBC}") = "Bot", "Bot\Bot.csproj", "{B8224741-896C-4220-8C9D-D2F6E06D8304}"
EndProject
Project("{8BC9CEB8-8B4A-11D0-8D11-00A0C91BC942}") = "EtDA", "EtDA\EtDA.vcxproj", "{D4235F3F-3859-4FD6-B1F4-ACF799CEE151}"
EndProject
Global
	GlobalSection(SolutionConfigurationPlatforms) = preSolution
		Debug|Any CPU = Debug|Any CPU
		Debug|x86 = Debug|x86
		Release|Any CPU = Release|Any CPU
		Release|x86 = Release|x86
	EndGlobalSection
	GlobalSection(ProjectConfigurationPlatforms) = postSolution
		{9FFBEE1F-BD08-4CB4-BE40-264A479F6D33}.Debug|Any CPU.ActiveCfg = Debug|Any CPU
		{9FFBEE1F-BD08-4CB4-BE40-264A479F6D33}.Debug|Any CPU.Build.0 = Debug|Any CPU
		{9FFBEE1F-BD08-4CB4-BE40-264A479F6D33}.Debug|x86.ActiveCfg = Debug|x86
		{9FFBEE1F-BD08-4CB4-BE40-264A479F6D33}.Debug|x86.Build.0 = Debug|x86
		{9FFBEE1F-BD08-4CB4-BE40-264A479F6D33}.Release|Any CPU.ActiveCfg = Release|Any CPU
		{9FFBEE1F-BD08-4CB4-BE40-264A479F6D33}.Release|Any CPU.Build.0 = Release|Any CPU
		{9FFBEE1F-BD08-4CB4-BE40-264A479F6D33}.Release|x86.ActiveCfg = Release|x86
		{9FFBEE1F-BD08-4CB4-BE40-264A479F6D33}.Release|x86.Build.0 = Release|x86
		{B8224741-896C-4220-8C9D-D2F6E06D8304}.Debug|Any CPU.ActiveCfg = Debug|Any CPU
		{B8224741-896C-4220-8C9D-D2F6E06D8304}.Debug|Any CPU.Build.0 = Debug|Any CPU
		{B8224741-896C-4220-8C9D-D2F6E06D8304}.Debug|x86.ActiveCfg = Debug|x86
		{B8224741-896C-4220-8C9D-D2F6E06D8304}.Debug|x86.Build.0 = Debug|x86
		{B8224741-896C-4220-8C9D-D2F6E06D8304}.Release|Any CPU.ActiveCfg = Release|Any CPU
		{B8224741-896C-4220-8C9D-D2F6E06D8304}.Release|Any CPU.Build.0 = Release|Any CPU
		{B8224741-896C-4220-8C9D-D2F6E06D8304}.Release|x86.ActiveCfg = Release|x86
		{B8224741-896C-4220-8C9D-D2F6E06D8304}.Release|x86.Build.0 = Release|x86
		{D4235F3F-3859-4FD6-B1F4-ACF799CEE151}.Debug|Any CPU.ActiveCfg = Debug|Win32
		{D4235F3F-3859-4FD6-B1F4-ACF799CEE151}.Debug|x86.ActiveCfg = Debug|Win32
		{D4235F3F-3859-4FD6-B1F4-ACF799CEE151}.Debug|x86.Build.0 = Debug|Win32
		{D4235F3F-3859-4FD6-B1F4-ACF799CEE151}.Release|Any CPU.ActiveCfg = Release|Win32
		{D4235F3F-3859-4FD6-B1F4-ACF799CEE151}.Release|x86.ActiveCfg = Release|Win32
		{D4235F3F-3859-4FD6-B1F4-ACF799CEE151}.Release|x86.Build.0 = Release|Win32
	EndGlobalSection
	GlobalSection(SolutionProperties) = preSolution
		HideSolutionNode = FALSE
	EndGlobalSection
EndGlobal
